
Microsoft Visual Studio Solution File, Format Version 12.00
# Visual Studio Version 17
VisualStudioVersion = 17.3.32825.248
MinimumVisualStudioVersion = 10.0.40219.1
Project("{FAE04EC0-301F-11D3-BF4B-00C04F79EFBC}") = "WpfSamen", "WpfSamen\WpfSamen.csproj", "{838B9058-82FE-4D79-8548-8D64C649E5A0}"
EndProject
Global
	GlobalSection(SolutionConfigurationPlatforms) = preSolution
		Debug|Any CPU = Debug|Any CPU
		Release|Any CPU = Release|Any CPU
	EndGlobalSection
	GlobalSection(ProjectConfigurationPlatforms) = postSolution
		{838B9058-82FE-4D79-8548-8D64C649E5A0}.Debug|Any CPU.ActiveCfg = Debug|Any CPU
		{838B9058-82FE-4D79-8548-8D64C649E5A0}.Debug|Any CPU.Build.0 = Debug|Any CPU
		{838B9058-82FE-4D79-8548-8D64C649E5A0}.Release|Any CPU.ActiveCfg = Release|Any CPU
		{838B9058-82FE-4D79-8548-8D64C649E5A0}.Release|Any CPU.Build.0 = Release|Any CPU
	EndGlobalSection
	GlobalSection(SolutionProperties) = preSolution
		HideSolutionNode = FALSE
	EndGlobalSection
	GlobalSection(ExtensibilityGlobals) = postSolution
		SolutionGuid = {50C55192-5524-4B3A-9FCD-1A0BCACB9B62}
	EndGlobalSection
EndGlobal
